{
  "name": "@themost/angular",
  "version": "6.5.3",
  "lockfileVersion": 1,
  "requires": true,
  "dependencies": {
    "@themost/client": {
      "version": "2.5.6",
      "resolved": "https://registry.npmjs.org/@themost/client/-/client-2.5.6.tgz",
      "integrity": "sha512-fL3NaHcD9Hkqp1JfY/gvK2Oc0HEiD53ZppDwGoLlSwks4zDCJNJjLp4UzpGUS8uBwEyXRK3ykgfN4TlrwKO4Lw==",
      "requires": {
        "@themost/xml": "^2.5.1"
      }
    },
    "@themost/xml": {
      "version": "2.5.2",
      "resolved": "https://registry.npmjs.org/@themost/xml/-/xml-2.5.2.tgz",
      "integrity": "sha512-J3qXDJ/Rey5Tri8Swb4ghF7TRaoQ4NXjCsXiyf1GKNAhN4nn4XtfMwIhsrN9LI5z9TUZOut6LOK9PMWDVWRrpA=="
    }
  }
}
