{
  "name": "@themost/angular",
  "version": "6.5.2",
  "lockfileVersion": 2,
  "requires": true,
  "packages": {
    "": {
      "name": "@themost/angular",
      "version": "6.5.2",
      "license": "BSD-3-Clause",
      "dependencies": {
        "@themost/client": "^2"
      },
      "peerDependencies": {
        "@angular/common": "^6",
        "@angular/core": "^6",
        "@angular/http": "^6",
        "@angular/platform-browser": "^6",
        "@angular/platform-browser-dynamic": "^6",
        "@themost/client": "^2.5.6",
        "@themost/xml": "^2.5.2",
        "core-js": "^2 || ^3",
        "rxjs": "^6 || ^7",
        "zone.js": "^0.8.26"
      }
    },
    "node_modules/@angular/common": {
      "version": "6.1.10",
      "resolved": "https://registry.npmjs.org/@angular/common/-/common-6.1.10.tgz",
      "integrity": "sha512-73xxTSYJNKfiJ7C1Ajg+sz5l8y+blb/vNgHYg7O3yem5zLBnfPpidJ1UGg4W4d2Y+jwUVJbZKh8SKJarqAJVUQ==",
      "peer": true,
      "dependencies": {
        "tslib": "^1.9.0"
      },
      "peerDependencies": {
        "@angular/core": "6.1.10",
        "rxjs": "^6.0.0"
      }
    },
    "node_modules/@angular/compiler": {
      "version": "6.1.10",
      "resolved": "https://registry.npmjs.org/@angular/compiler/-/compiler-6.1.10.tgz",
      "integrity": "sha512-FPIb2j3zfoBwb6vo/u0gQeu70h8InGlSisBr3xMACs/35/pwB6kbQR+JQiUr0D7k6QApg7AuMkvq8aFNelg0aw==",
      "peer": true,
      "dependencies": {
        "tslib": "^1.9.0"
      }
    },
    "node_modules/@angular/core": {
      "version": "6.1.10",
      "resolved": "https://registry.npmjs.org/@angular/core/-/core-6.1.10.tgz",
      "integrity": "sha512-61l3rIQTVdT45eOf6/fBJIeVmV10mcrxqS4N/1OWkuDT29YSJTZSxGcv8QjAyyutuhcqWWpO6gVRkN07rWmkPg==",
      "peer": true,
      "dependencies": {
        "tslib": "^1.9.0"
      },
      "peerDependencies": {
        "rxjs": "^6.0.0",
        "zone.js": "~0.8.26"
      }
    },
    "node_modules/@angular/http": {
      "version": "6.1.10",
      "resolved": "https://registry.npmjs.org/@angular/http/-/http-6.1.10.tgz",
      "integrity": "sha512-LDsSqyexh8fj23y+G2oSGLWSZVhbxBBo2ehYHnRgH/jlp0pmZVLRaGgUMNSCVtZc1rxLzpEjZjtw+P+qlutAtw==",
      "deprecated": "Package no longer supported. Use @angular/common instead, see https://angular.io/guide/deprecations#angularhttp",
      "peer": true,
      "dependencies": {
        "tslib": "^1.9.0"
      },
      "peerDependencies": {
        "@angular/core": "6.1.10",
        "@angular/platform-browser": "6.1.10",
        "rxjs": "^6.0.0"
      }
    },
    "node_modules/@angular/platform-browser": {
      "version": "6.1.10",
      "resolved": "https://registry.npmjs.org/@angular/platform-browser/-/platform-browser-6.1.10.tgz",
      "integrity": "sha512-CB7pqMwtgb7KjdHDAJlsXcs0rrU+2xQVaoOaqEfJtUrKhtGMLaZh8Qoic5l92SoGattkOw7SYarAOsWlAsVfvw==",
      "peer": true,
      "dependencies": {
        "tslib": "^1.9.0"
      },
      "peerDependencies": {
        "@angular/common": "6.1.10",
        "@angular/core": "6.1.10"
      }
    },
    "node_modules/@angular/platform-browser-dynamic": {
      "version": "6.1.10",
      "resolved": "https://registry.npmjs.org/@angular/platform-browser-dynamic/-/platform-browser-dynamic-6.1.10.tgz",
      "integrity": "sha512-DmBSUyFPoyKqkmBXyJ2CrP1oXDioeoBlPA8lmWUDUv2yBuoHIzIkdY/OkTZbdyu/QYa1hK2Jl9OlfoeoenKddg==",
      "peer": true,
      "dependencies": {
        "tslib": "^1.9.0"
      },
      "peerDependencies": {
        "@angular/common": "6.1.10",
        "@angular/compiler": "6.1.10",
        "@angular/core": "6.1.10",
        "@angular/platform-browser": "6.1.10"
      }
    },
    "node_modules/@themost/client": {
      "version": "2.5.6",
      "resolved": "https://registry.npmjs.org/@themost/client/-/client-2.5.6.tgz",
      "integrity": "sha512-fL3NaHcD9Hkqp1JfY/gvK2Oc0HEiD53ZppDwGoLlSwks4zDCJNJjLp4UzpGUS8uBwEyXRK3ykgfN4TlrwKO4Lw==",
      "dependencies": {
        "@themost/xml": "^2.5.1"
      }
    },
    "node_modules/@themost/xml": {
      "version": "2.5.2",
      "resolved": "https://registry.npmjs.org/@themost/xml/-/xml-2.5.2.tgz",
      "integrity": "sha512-J3qXDJ/Rey5Tri8Swb4ghF7TRaoQ4NXjCsXiyf1GKNAhN4nn4XtfMwIhsrN9LI5z9TUZOut6LOK9PMWDVWRrpA=="
    },
    "node_modules/core-js": {
      "version": "3.21.1",
      "resolved": "https://registry.npmjs.org/core-js/-/core-js-3.21.1.tgz",
      "integrity": "sha512-FRq5b/VMrWlrmCzwRrpDYNxyHP9BcAZC+xHJaqTgIE5091ZV1NTmyh0sGOg5XqpnHvR0svdy0sv1gWA1zmhxig==",
      "hasInstallScript": true,
      "peer": true,
      "funding": {
        "type": "opencollective",
        "url": "https://opencollective.com/core-js"
      }
    },
    "node_modules/rxjs": {
      "version": "6.6.7",
      "resolved": "https://registry.npmjs.org/rxjs/-/rxjs-6.6.7.tgz",
      "integrity": "sha512-hTdwr+7yYNIT5n4AMYp85KA6yw2Va0FLa3Rguvbpa4W3I5xynaBZo41cM3XM+4Q6fRMj3sBYIR1VAmZMXYJvRQ==",
      "peer": true,
      "dependencies": {
        "tslib": "^1.9.0"
      },
      "engines": {
        "npm": ">=2.0.0"
      }
    },
    "node_modules/tslib": {
      "version": "1.14.1",
      "resolved": "https://registry.npmjs.org/tslib/-/tslib-1.14.1.tgz",
      "integrity": "sha512-Xni35NKzjgMrwevysHTCArtLDpPvye8zV/0E4EyYn43P7/7qvQwPh9BGkHewbMulVntbigmcT7rdX3BNo9wRJg==",
      "peer": true
    },
    "node_modules/zone.js": {
      "version": "0.8.29",
      "resolved": "https://registry.npmjs.org/zone.js/-/zone.js-0.8.29.tgz",
      "integrity": "sha512-mla2acNCMkWXBD+c+yeUrBUrzOxYMNFdQ6FGfigGGtEVBPJx07BQeJekjt9DmH1FtZek4E9rE1eRR9qQpxACOQ==",
      "peer": true
    }
  },
  "dependencies": {
    "@angular/common": {
      "version": "6.1.10",
      "resolved": "https://registry.npmjs.org/@angular/common/-/common-6.1.10.tgz",
      "integrity": "sha512-73xxTSYJNKfiJ7C1Ajg+sz5l8y+blb/vNgHYg7O3yem5zLBnfPpidJ1UGg4W4d2Y+jwUVJbZKh8SKJarqAJVUQ==",
      "peer": true,
      "requires": {
        "tslib": "^1.9.0"
      }
    },
    "@angular/compiler": {
      "version": "6.1.10",
      "resolved": "https://registry.npmjs.org/@angular/compiler/-/compiler-6.1.10.tgz",
      "integrity": "sha512-FPIb2j3zfoBwb6vo/u0gQeu70h8InGlSisBr3xMACs/35/pwB6kbQR+JQiUr0D7k6QApg7AuMkvq8aFNelg0aw==",
      "peer": true,
      "requires": {
        "tslib": "^1.9.0"
      }
    },
    "@angular/core": {
      "version": "6.1.10",
      "resolved": "https://registry.npmjs.org/@angular/core/-/core-6.1.10.tgz",
      "integrity": "sha512-61l3rIQTVdT45eOf6/fBJIeVmV10mcrxqS4N/1OWkuDT29YSJTZSxGcv8QjAyyutuhcqWWpO6gVRkN07rWmkPg==",
      "peer": true,
      "requires": {
        "tslib": "^1.9.0"
      }
    },
    "@angular/http": {
      "version": "6.1.10",
      "resolved": "https://registry.npmjs.org/@angular/http/-/http-6.1.10.tgz",
      "integrity": "sha512-LDsSqyexh8fj23y+G2oSGLWSZVhbxBBo2ehYHnRgH/jlp0pmZVLRaGgUMNSCVtZc1rxLzpEjZjtw+P+qlutAtw==",
      "peer": true,
      "requires": {
        "tslib": "^1.9.0"
      }
    },
    "@angular/platform-browser": {
      "version": "6.1.10",
      "resolved": "https://registry.npmjs.org/@angular/platform-browser/-/platform-browser-6.1.10.tgz",
      "integrity": "sha512-CB7pqMwtgb7KjdHDAJlsXcs0rrU+2xQVaoOaqEfJtUrKhtGMLaZh8Qoic5l92SoGattkOw7SYarAOsWlAsVfvw==",
      "peer": true,
      "requires": {
        "tslib": "^1.9.0"
      }
    },
    "@angular/platform-browser-dynamic": {
      "version": "6.1.10",
      "resolved": "https://registry.npmjs.org/@angular/platform-browser-dynamic/-/platform-browser-dynamic-6.1.10.tgz",
      "integrity": "sha512-DmBSUyFPoyKqkmBXyJ2CrP1oXDioeoBlPA8lmWUDUv2yBuoHIzIkdY/OkTZbdyu/QYa1hK2Jl9OlfoeoenKddg==",
      "peer": true,
      "requires": {
        "tslib": "^1.9.0"
      }
    },
    "@themost/client": {
      "version": "2.5.6",
      "resolved": "https://registry.npmjs.org/@themost/client/-/client-2.5.6.tgz",
      "integrity": "sha512-fL3NaHcD9Hkqp1JfY/gvK2Oc0HEiD53ZppDwGoLlSwks4zDCJNJjLp4UzpGUS8uBwEyXRK3ykgfN4TlrwKO4Lw==",
      "requires": {
        "@themost/xml": "^2.5.1"
      }
    },
    "@themost/xml": {
      "version": "2.5.2",
      "resolved": "https://registry.npmjs.org/@themost/xml/-/xml-2.5.2.tgz",
      "integrity": "sha512-J3qXDJ/Rey5Tri8Swb4ghF7TRaoQ4NXjCsXiyf1GKNAhN4nn4XtfMwIhsrN9LI5z9TUZOut6LOK9PMWDVWRrpA=="
    },
    "core-js": {
      "version": "3.21.1",
      "resolved": "https://registry.npmjs.org/core-js/-/core-js-3.21.1.tgz",
      "integrity": "sha512-FRq5b/VMrWlrmCzwRrpDYNxyHP9BcAZC+xHJaqTgIE5091ZV1NTmyh0sGOg5XqpnHvR0svdy0sv1gWA1zmhxig==",
      "peer": true
    },
    "rxjs": {
      "version": "6.6.7",
      "resolved": "https://registry.npmjs.org/rxjs/-/rxjs-6.6.7.tgz",
      "integrity": "sha512-hTdwr+7yYNIT5n4AMYp85KA6yw2Va0FLa3Rguvbpa4W3I5xynaBZo41cM3XM+4Q6fRMj3sBYIR1VAmZMXYJvRQ==",
      "peer": true,
      "requires": {
        "tslib": "^1.9.0"
      }
    },
    "tslib": {
      "version": "1.14.1",
      "resolved": "https://registry.npmjs.org/tslib/-/tslib-1.14.1.tgz",
      "integrity": "sha512-Xni35NKzjgMrwevysHTCArtLDpPvye8zV/0E4EyYn43P7/7qvQwPh9BGkHewbMulVntbigmcT7rdX3BNo9wRJg==",
      "peer": true
    },
    "zone.js": {
      "version": "0.8.29",
      "resolved": "https://registry.npmjs.org/zone.js/-/zone.js-0.8.29.tgz",
      "integrity": "sha512-mla2acNCMkWXBD+c+yeUrBUrzOxYMNFdQ6FGfigGGtEVBPJx07BQeJekjt9DmH1FtZek4E9rE1eRR9qQpxACOQ==",
      "peer": true
    }
  }
}
